
Microsoft Visual Studio Solution File, Format Version 12.00
# Visual Studio Version 16
VisualStudioVersion = 16.0.29806.167
MinimumVisualStudioVersion = 10.0.40219.1
Project("{9A19103F-16F7-4668-BE54-9A1E7A4F7556}") = "Multiple-of-100", "Multiple-of-100\Multiple-of-100.csproj", "{086395D3-5ADC-4B12-B0BD-120C97D8CD5C}"
EndProject
Project("{9A19103F-16F7-4668-BE54-9A1E7A4F7556}") = "Name-of-month", "Name-of-month\Name-of-month.csproj", "{C4CAF6B0-FDFC-41BC-93F9-4ADFD9C357D9}"
EndProject
Project("{9A19103F-16F7-4668-BE54-9A1E7A4F7556}") = "Profitable-gamble", "Profitable-gamble\Profitable-gamble.csproj", "{4DFF8B99-0352-49EB-81A6-F10096C96A7C}"
EndProject
Project("{9A19103F-16F7-4668-BE54-9A1E7A4F7556}") = "The-farm-problem", "The-farm-problem\The-farm-problem.csproj", "{E78997C2-BF64-4868-AC9F-71ABC8FA0EC7}"
EndProject
Project("{9A19103F-16F7-4668-BE54-9A1E7A4F7556}") = "Word-count", "Word-count\Word-count.csproj", "{D53825D8-94BB-4D34-9330-AFB526FA23DC}"
EndProject
Project("{9A19103F-16F7-4668-BE54-9A1E7A4F7556}") = "Liquor-store", "Liquor-store\Liquor-store.csproj", "{1593997E-ACA4-4A94-90F7-0E8385D40625}"
EndProject
Project("{9A19103F-16F7-4668-BE54-9A1E7A4F7556}") = "Coffee-machine", "Coffee-machine\Coffee-machine.csproj", "{3183BFAF-1D3E-4F00-93CE-28B463E91684}"
EndProject
Project("{9A19103F-16F7-4668-BE54-9A1E7A4F7556}") = "Future-predictions", "Future-predictions\Future-predictions.csproj", "{011ED9D3-EB84-45E4-A9B4-7A1B576C8994}"
EndProject
Project("{9A19103F-16F7-4668-BE54-9A1E7A4F7556}") = "Temperature", "Temperature\Temperature.csproj", "{2212E411-3404-4EC3-ABE8-72C4DDB66038}"
EndProject
Project("{FAE04EC0-301F-11D3-BF4B-00C04F79EFBC}") = "Flip-theBool", "Flip-theBool\Flip-theBool.csproj", "{48B05B21-2C48-4206-BCA0-2E6C68016AA0}"
EndProject
Global
	GlobalSection(SolutionConfigurationPlatforms) = preSolution
		Debug|Any CPU = Debug|Any CPU
		Release|Any CPU = Release|Any CPU
	EndGlobalSection
	GlobalSection(ProjectConfigurationPlatforms) = postSolution
		{086395D3-5ADC-4B12-B0BD-120C97D8CD5C}.Debug|Any CPU.ActiveCfg = Debug|Any CPU
		{086395D3-5ADC-4B12-B0BD-120C97D8CD5C}.Debug|Any CPU.Build.0 = Debug|Any CPU
		{086395D3-5ADC-4B12-B0BD-120C97D8CD5C}.Release|Any CPU.ActiveCfg = Release|Any CPU
		{086395D3-5ADC-4B12-B0BD-120C97D8CD5C}.Release|Any CPU.Build.0 = Release|Any CPU
		{C4CAF6B0-FDFC-41BC-93F9-4ADFD9C357D9}.Debug|Any CPU.ActiveCfg = Debug|Any CPU
		{C4CAF6B0-FDFC-41BC-93F9-4ADFD9C357D9}.Debug|Any CPU.Build.0 = Debug|Any CPU
		{C4CAF6B0-FDFC-41BC-93F9-4ADFD9C357D9}.Release|Any CPU.ActiveCfg = Release|Any CPU
		{C4CAF6B0-FDFC-41BC-93F9-4ADFD9C357D9}.Release|Any CPU.Build.0 = Release|Any CPU
		{4DFF8B99-0352-49EB-81A6-F10096C96A7C}.Debug|Any CPU.ActiveCfg = Debug|Any CPU
		{4DFF8B99-0352-49EB-81A6-F10096C96A7C}.Debug|Any CPU.Build.0 = Debug|Any CPU
		{4DFF8B99-0352-49EB-81A6-F10096C96A7C}.Release|Any CPU.ActiveCfg = Release|Any CPU
		{4DFF8B99-0352-49EB-81A6-F10096C96A7C}.Release|Any CPU.Build.0 = Release|Any CPU
		{E78997C2-BF64-4868-AC9F-71ABC8FA0EC7}.Debug|Any CPU.ActiveCfg = Debug|Any CPU
		{E78997C2-BF64-4868-AC9F-71ABC8FA0EC7}.Debug|Any CPU.Build.0 = Debug|Any CPU
		{E78997C2-BF64-4868-AC9F-71ABC8FA0EC7}.Release|Any CPU.ActiveCfg = Release|Any CPU
		{E78997C2-BF64-4868-AC9F-71ABC8FA0EC7}.Release|Any CPU.Build.0 = Release|Any CPU
		{D53825D8-94BB-4D34-9330-AFB526FA23DC}.Debug|Any CPU.ActiveCfg = Debug|Any CPU
		{D53825D8-94BB-4D34-9330-AFB526FA23DC}.Debug|Any CPU.Build.0 = Debug|Any CPU
		{D53825D8-94BB-4D34-9330-AFB526FA23DC}.Release|Any CPU.ActiveCfg = Release|Any CPU
		{D53825D8-94BB-4D34-9330-AFB526FA23DC}.Release|Any CPU.Build.0 = Release|Any CPU
		{1593997E-ACA4-4A94-90F7-0E8385D40625}.Debug|Any CPU.ActiveCfg = Debug|Any CPU
		{1593997E-ACA4-4A94-90F7-0E8385D40625}.Debug|Any CPU.Build.0 = Debug|Any CPU
		{1593997E-ACA4-4A94-90F7-0E8385D40625}.Release|Any CPU.ActiveCfg = Release|Any CPU
		{1593997E-ACA4-4A94-90F7-0E8385D40625}.Release|Any CPU.Build.0 = Release|Any CPU
		{3183BFAF-1D3E-4F00-93CE-28B463E91684}.Debug|Any CPU.ActiveCfg = Debug|Any CPU
		{3183BFAF-1D3E-4F00-93CE-28B463E91684}.Debug|Any CPU.Build.0 = Debug|Any CPU
		{3183BFAF-1D3E-4F00-93CE-28B463E91684}.Release|Any CPU.ActiveCfg = Release|Any CPU
		{3183BFAF-1D3E-4F00-93CE-28B463E91684}.Release|Any CPU.Build.0 = Release|Any CPU
		{011ED9D3-EB84-45E4-A9B4-7A1B576C8994}.Debug|Any CPU.ActiveCfg = Debug|Any CPU
		{011ED9D3-EB84-45E4-A9B4-7A1B576C8994}.Debug|Any CPU.Build.0 = Debug|Any CPU
		{011ED9D3-EB84-45E4-A9B4-7A1B576C8994}.Release|Any CPU.ActiveCfg = Release|Any CPU
		{011ED9D3-EB84-45E4-A9B4-7A1B576C8994}.Release|Any CPU.Build.0 = Release|Any CPU
		{2212E411-3404-4EC3-ABE8-72C4DDB66038}.Debug|Any CPU.ActiveCfg = Debug|Any CPU
		{2212E411-3404-4EC3-ABE8-72C4DDB66038}.Debug|Any CPU.Build.0 = Debug|Any CPU
		{2212E411-3404-4EC3-ABE8-72C4DDB66038}.Release|Any CPU.ActiveCfg = Release|Any CPU
		{2212E411-3404-4EC3-ABE8-72C4DDB66038}.Release|Any CPU.Build.0 = Release|Any CPU
		{48B05B21-2C48-4206-BCA0-2E6C68016AA0}.Debug|Any CPU.ActiveCfg = Debug|Any CPU
		{48B05B21-2C48-4206-BCA0-2E6C68016AA0}.Debug|Any CPU.Build.0 = Debug|Any CPU
		{48B05B21-2C48-4206-BCA0-2E6C68016AA0}.Release|Any CPU.ActiveCfg = Release|Any CPU
		{48B05B21-2C48-4206-BCA0-2E6C68016AA0}.Release|Any CPU.Build.0 = Release|Any CPU
	EndGlobalSection
	GlobalSection(SolutionProperties) = preSolution
		HideSolutionNode = FALSE
	EndGlobalSection
	GlobalSection(ExtensibilityGlobals) = postSolution
		SolutionGuid = {627BA37F-8119-4515-8FBC-7D2F59D7DF32}
	EndGlobalSection
EndGlobal
